// !$*UTF8*$!
{
	archiveVersion = 1;
	classes = {
	};
	objectVersion = 46;
	objects = {

/* Begin PBXBuildFile section */
		131A78191A054F5100A73FD9 /* TransitionScene.swift in Sources */ = {isa = PBXBuildFile; fileRef = 131A78181A054F5100A73FD9 /* TransitionScene.swift */; };
		13ECE18E19FC0BAD008052A3 /* GameScene.swift in Sources */ = {isa = PBXBuildFile; fileRef = 13ECE18D19FC0BAD008052A3 /* GameScene.swift */; };
		13ECE19119FC0E19008052A3 /* BaseScene.swift in Sources */ = {isa = PBXBuildFile; fileRef = 13ECE19019FC0E19008052A3 /* BaseScene.swift */; };
		13ECE19719FC1253008052A3 /* background_city01.png in Resources */ = {isa = PBXBuildFile; fileRef = 13ECE19219FC1253008052A3 /* background_city01.png */; };
		13ECE19819FC1253008052A3 /* background_morningsky.png in Resources */ = {isa = PBXBuildFile; fileRef = 13ECE19319FC1253008052A3 /* background_morningsky.png */; };
		13ECE19919FC1253008052A3 /* background_nightsky.png in Resources */ = {isa = PBXBuildFile; fileRef = 13ECE19419FC1253008052A3 /* background_nightsky.png */; };
		13ECE19A19FC1253008052A3 /* title_screen.png in Resources */ = {isa = PBXBuildFile; fileRef = 13ECE19519FC1253008052A3 /* title_screen.png */; };
		13ECE19B19FC1253008052A3 /* title.png in Resources */ = {isa = PBXBuildFile; fileRef = 13ECE19619FC1253008052A3 /* title.png */; };
		13ECE1AF19FC12BD008052A3 /* flyinghero.png in Resources */ = {isa = PBXBuildFile; fileRef = 13ECE19C19FC12BD008052A3 /* flyinghero.png */; };
		13ECE1B019FC12BD008052A3 /* bomb.png in Resources */ = {isa = PBXBuildFile; fileRef = 13ECE19D19FC12BD008052A3 /* bomb.png */; };
		13ECE1B119FC12BD008052A3 /* boycitizen01.png in Resources */ = {isa = PBXBuildFile; fileRef = 13ECE19E19FC12BD008052A3 /* boycitizen01.png */; };
		13ECE1B219FC12BD008052A3 /* boycitizen02.png in Resources */ = {isa = PBXBuildFile; fileRef = 13ECE19F19FC12BD008052A3 /* boycitizen02.png */; };
		13ECE1B319FC12BD008052A3 /* cage.png in Resources */ = {isa = PBXBuildFile; fileRef = 13ECE1A019FC12BD008052A3 /* cage.png */; };
		13ECE1B419FC12BD008052A3 /* cat.png in Resources */ = {isa = PBXBuildFile; fileRef = 13ECE1A119FC12BD008052A3 /* cat.png */; };
		13ECE1B519FC12BD008052A3 /* exit.png in Resources */ = {isa = PBXBuildFile; fileRef = 13ECE1A219FC12BD008052A3 /* exit.png */; };
		13ECE1B619FC12BD008052A3 /* explosion.png in Resources */ = {isa = PBXBuildFile; fileRef = 13ECE1A319FC12BD008052A3 /* explosion.png */; };
		13ECE1B719FC12BD008052A3 /* girlcitizen01.png in Resources */ = {isa = PBXBuildFile; fileRef = 13ECE1A419FC12BD008052A3 /* girlcitizen01.png */; };
		13ECE1B819FC12BD008052A3 /* girlcitizen02.png in Resources */ = {isa = PBXBuildFile; fileRef = 13ECE1A519FC12BD008052A3 /* girlcitizen02.png */; };
		13ECE1B919FC12BD008052A3 /* grandmacitizen01.png in Resources */ = {isa = PBXBuildFile; fileRef = 13ECE1A619FC12BD008052A3 /* grandmacitizen01.png */; };
		13ECE1BA19FC12BD008052A3 /* hero_failure.png in Resources */ = {isa = PBXBuildFile; fileRef = 13ECE1A719FC12BD008052A3 /* hero_failure.png */; };
		13ECE1BB19FC12BD008052A3 /* human.png in Resources */ = {isa = PBXBuildFile; fileRef = 13ECE1A819FC12BD008052A3 /* human.png */; };
		13ECE1BC19FC12BD008052A3 /* piu01.png in Resources */ = {isa = PBXBuildFile; fileRef = 13ECE1A919FC12BD008052A3 /* piu01.png */; };
		13ECE1BD19FC12BD008052A3 /* piu02.png in Resources */ = {isa = PBXBuildFile; fileRef = 13ECE1AA19FC12BD008052A3 /* piu02.png */; };
		13ECE1BE19FC12BD008052A3 /* railroad.png in Resources */ = {isa = PBXBuildFile; fileRef = 13ECE1AB19FC12BD008052A3 /* railroad.png */; };
		13ECE1BF19FC12BD008052A3 /* strongman01.png in Resources */ = {isa = PBXBuildFile; fileRef = 13ECE1AC19FC12BD008052A3 /* strongman01.png */; };
		13ECE1C019FC12BD008052A3 /* thief01.png in Resources */ = {isa = PBXBuildFile; fileRef = 13ECE1AD19FC12BD008052A3 /* thief01.png */; };
		13ECE1C119FC12BD008052A3 /* train.png in Resources */ = {isa = PBXBuildFile; fileRef = 13ECE1AE19FC12BD008052A3 /* train.png */; };
		9861405A19EB2B7000AF733A /* AppDelegate.swift in Sources */ = {isa = PBXBuildFile; fileRef = 9861405919EB2B7000AF733A /* AppDelegate.swift */; };
		9861405C19EB2B7000AF733A /* TitleViewController.swift in Sources */ = {isa = PBXBuildFile; fileRef = 9861405B19EB2B7000AF733A /* TitleViewController.swift */; };
		9861405F19EB2B7000AF733A /* Main.storyboard in Resources */ = {isa = PBXBuildFile; fileRef = 9861405D19EB2B7000AF733A /* Main.storyboard */; };
		9861406119EB2B7000AF733A /* Images.xcassets in Resources */ = {isa = PBXBuildFile; fileRef = 9861406019EB2B7000AF733A /* Images.xcassets */; };
		9861406419EB2B7000AF733A /* LaunchScreen.xib in Resources */ = {isa = PBXBuildFile; fileRef = 9861406219EB2B7000AF733A /* LaunchScreen.xib */; };
		9861407019EB2B7000AF733A /* TenSecondHeroTests.swift in Sources */ = {isa = PBXBuildFile; fileRef = 9861406F19EB2B7000AF733A /* TenSecondHeroTests.swift */; };
		988BC99819FD070C007EA9B8 /* Credits.aifc in Resources */ = {isa = PBXBuildFile; fileRef = 988BC99319FD070C007EA9B8 /* Credits.aifc */; };
		988BC99919FD070C007EA9B8 /* PressStart.aifc in Resources */ = {isa = PBXBuildFile; fileRef = 988BC99419FD070C007EA9B8 /* PressStart.aifc */; };
		988BC99A19FD070C007EA9B8 /* SaveMe.aifc in Resources */ = {isa = PBXBuildFile; fileRef = 988BC99519FD070C007EA9B8 /* SaveMe.aifc */; };
		988BC99B19FD070C007EA9B8 /* ScoreTime.aifc in Resources */ = {isa = PBXBuildFile; fileRef = 988BC99619FD070C007EA9B8 /* ScoreTime.aifc */; };
		988BC99C19FD070C007EA9B8 /* WeDontNeedAHero.aifc in Resources */ = {isa = PBXBuildFile; fileRef = 988BC99719FD070C007EA9B8 /* WeDontNeedAHero.aifc */; };
		988BC99E19FD0AC9007EA9B8 /* FlappyHero.swift in Sources */ = {isa = PBXBuildFile; fileRef = 988BC99D19FD0AC9007EA9B8 /* FlappyHero.swift */; };
		988BC9A219FDB465007EA9B8 /* drop.caf in Resources */ = {isa = PBXBuildFile; fileRef = 988BC99F19FDB465007EA9B8 /* drop.caf */; };
		988BC9A319FDB465007EA9B8 /* explosion.caf in Resources */ = {isa = PBXBuildFile; fileRef = 988BC9A019FDB465007EA9B8 /* explosion.caf */; };
		988BC9A419FDB465007EA9B8 /* pickup.caf in Resources */ = {isa = PBXBuildFile; fileRef = 988BC9A119FDB465007EA9B8 /* pickup.caf */; };
		988BC9A619FDBA36007EA9B8 /* ParallaxBackground.swift in Sources */ = {isa = PBXBuildFile; fileRef = 988BC9A519FDBA36007EA9B8 /* ParallaxBackground.swift */; };
		98B1EB7F19FC4B3700717B81 /* FlappyScene.swift in Sources */ = {isa = PBXBuildFile; fileRef = 98B1EB7E19FC4B3700717B81 /* FlappyScene.swift */; };
		98B1EB8319FC548A00717B81 /* GameViewController.swift in Sources */ = {isa = PBXBuildFile; fileRef = 98B1EB8219FC548A00717B81 /* GameViewController.swift */; };
		98CE752019FEECE700D98EAD /* Collisions.swift in Sources */ = {isa = PBXBuildFile; fileRef = 98CE751F19FEECE700D98EAD /* Collisions.swift */; };
		98D450EB1A0455A70034A539 /* AudioManager.swift in Sources */ = {isa = PBXBuildFile; fileRef = 98D450EA1A0455A70034A539 /* AudioManager.swift */; };
		98D450ED1A045ACF0034A539 /* OptionsViewController.swift in Sources */ = {isa = PBXBuildFile; fileRef = 98D450EC1A045ACF0034A539 /* OptionsViewController.swift */; };
		98E27DCA1A03001B00BF9DBF /* RunningHero.swift in Sources */ = {isa = PBXBuildFile; fileRef = 98E27DC91A03001B00BF9DBF /* RunningHero.swift */; };
		98E27DCC1A03025700BF9DBF /* RunningScene.swift in Sources */ = {isa = PBXBuildFile; fileRef = 98E27DCB1A03025700BF9DBF /* RunningScene.swift */; };
		98E7CACE1A06F481003362B8 /* GameOptions.swift in Sources */ = {isa = PBXBuildFile; fileRef = 98E7CACD1A06F481003362B8 /* GameOptions.swift */; };
		98E7CAD01A06F804003362B8 /* HighScores.swift in Sources */ = {isa = PBXBuildFile; fileRef = 98E7CACF1A06F804003362B8 /* HighScores.swift */; };
		98E7CAD91A0701C9003362B8 /* spark.png in Resources */ = {isa = PBXBuildFile; fileRef = 98E7CAD71A0701C9003362B8 /* spark.png */; };
		98E8D54A1A065E5700D2ADC9 /* spacehero_thumb.png in Resources */ = {isa = PBXBuildFile; fileRef = 98E8D5481A065E5700D2ADC9 /* spacehero_thumb.png */; };
		98E8D54B1A065E5700D2ADC9 /* spacehero.png in Resources */ = {isa = PBXBuildFile; fileRef = 98E8D5491A065E5700D2ADC9 /* spacehero.png */; };
		98E8D54D1A06601A00D2ADC9 /* Animation.swift in Sources */ = {isa = PBXBuildFile; fileRef = 98E8D54C1A06601A00D2ADC9 /* Animation.swift */; };
		98E8D54F1A066BC100D2ADC9 /* spaceenemy.png in Resources */ = {isa = PBXBuildFile; fileRef = 98E8D54E1A066BC100D2ADC9 /* spaceenemy.png */; };
		98E8D5511A067E8300D2ADC9 /* plane.png in Resources */ = {isa = PBXBuildFile; fileRef = 98E8D5501A067E8300D2ADC9 /* plane.png */; };
		98E8D5531A068B3E00D2ADC9 /* runningirl.png in Resources */ = {isa = PBXBuildFile; fileRef = 98E8D5521A068B3E00D2ADC9 /* runningirl.png */; };
		98E8D5551A068E5300D2ADC9 /* runningirl_thumb.png in Resources */ = {isa = PBXBuildFile; fileRef = 98E8D5541A068E5300D2ADC9 /* runningirl_thumb.png */; };
		98E8D5571A068EA000D2ADC9 /* Minigames.swift in Sources */ = {isa = PBXBuildFile; fileRef = 98E8D5561A068EA000D2ADC9 /* Minigames.swift */; };
		98E8D5591A06933300D2ADC9 /* dog.png in Resources */ = {isa = PBXBuildFile; fileRef = 98E8D5581A06933300D2ADC9 /* dog.png */; };
		98E8D55B1A06995000D2ADC9 /* SelectionViewController.swift in Sources */ = {isa = PBXBuildFile; fileRef = 98E8D55A1A06995000D2ADC9 /* SelectionViewController.swift */; };
		98E8D55D1A069FF200D2ADC9 /* ShooterScene.swift in Sources */ = {isa = PBXBuildFile; fileRef = 98E8D55C1A069FF200D2ADC9 /* ShooterScene.swift */; };
		98E8D55F1A06AF1700D2ADC9 /* background_afternoonsky.png in Resources */ = {isa = PBXBuildFile; fileRef = 98E8D55E1A06AF1700D2ADC9 /* background_afternoonsky.png */; };
		98EF19E71A01A3F9001D9571 /* SpaceHero.swift in Sources */ = {isa = PBXBuildFile; fileRef = 98EF19E61A01A3F9001D9571 /* SpaceHero.swift */; };
		98EF19EB1A01A9D9001D9571 /* SpaceScene.swift in Sources */ = {isa = PBXBuildFile; fileRef = 98EF19EA1A01A9D9001D9571 /* SpaceScene.swift */; };
		98F0056B1A08193200CECA77 /* Logo.png in Resources */ = {isa = PBXBuildFile; fileRef = 98F0056A1A08193200CECA77 /* Logo.png */; };
		98F0056E1A08194100CECA77 /* Smoke.sks in Resources */ = {isa = PBXBuildFile; fileRef = 98F0056C1A08194100CECA77 /* Smoke.sks */; };
		98F005751A081A8900CECA77 /* flyinghero_thumb.png in Resources */ = {isa = PBXBuildFile; fileRef = 98F005701A081A8900CECA77 /* flyinghero_thumb.png */; };
		98F005761A081A8900CECA77 /* flyingvillain.png in Resources */ = {isa = PBXBuildFile; fileRef = 98F005711A081A8900CECA77 /* flyingvillain.png */; };
		98F005771A081A8900CECA77 /* shooter_thumb.png in Resources */ = {isa = PBXBuildFile; fileRef = 98F005721A081A8900CECA77 /* shooter_thumb.png */; };
		98F005781A081A8900CECA77 /* worker_thumb.png in Resources */ = {isa = PBXBuildFile; fileRef = 98F005731A081A8900CECA77 /* worker_thumb.png */; };
		98F005791A081A8900CECA77 /* worker.png in Resources */ = {isa = PBXBuildFile; fileRef = 98F005741A081A8900CECA77 /* worker.png */; };
/* End PBXBuildFile section */

/* Begin PBXContainerItemProxy section */
		9861406A19EB2B7000AF733A /* PBXContainerItemProxy */ = {
			isa = PBXContainerItemProxy;
			containerPortal = 9861404C19EB2B7000AF733A /* Project object */;
			proxyType = 1;
			remoteGlobalIDString = 9861405319EB2B7000AF733A;
			remoteInfo = TenSecondHero;
		};
/* End PBXContainerItemProxy section */

/* Begin PBXFileReference section */
		131A78181A054F5100A73FD9 /* TransitionScene.swift */ = {isa = PBXFileReference; fileEncoding = 4; lastKnownFileType = sourcecode.swift; path = TransitionScene.swift; sourceTree = "<group>"; };
		13ECE18D19FC0BAD008052A3 /* GameScene.swift */ = {isa = PBXFileReference; fileEncoding = 4; lastKnownFileType = sourcecode.swift; path = GameScene.swift; sourceTree = "<group>"; };
		13ECE19019FC0E19008052A3 /* BaseScene.swift */ = {isa = PBXFileReference; fileEncoding = 4; lastKnownFileType = sourcecode.swift; path = BaseScene.swift; sourceTree = "<group>"; };
		13ECE19219FC1253008052A3 /* background_city01.png */ = {isa = PBXFileReference; lastKnownFileType = image.png; path = background_city01.png; sourceTree = "<group>"; };
		13ECE19319FC1253008052A3 /* background_morningsky.png */ = {isa = PBXFileReference; lastKnownFileType = image.png; path = background_morningsky.png; sourceTree = "<group>"; };
		13ECE19419FC1253008052A3 /* background_nightsky.png */ = {isa = PBXFileReference; lastKnownFileType = image.png; path = background_nightsky.png; sourceTree = "<group>"; };
		13ECE19519FC1253008052A3 /* title_screen.png */ = {isa = PBXFileReference; lastKnownFileType = image.png; path = title_screen.png; sourceTree = "<group>"; };
		13ECE19619FC1253008052A3 /* title.png */ = {isa = PBXFileReference; lastKnownFileType = image.png; path = title.png; sourceTree = "<group>"; };
		13ECE19C19FC12BD008052A3 /* flyinghero.png */ = {isa = PBXFileReference; lastKnownFileType = image.png; path = flyinghero.png; sourceTree = "<group>"; };
		13ECE19D19FC12BD008052A3 /* bomb.png */ = {isa = PBXFileReference; lastKnownFileType = image.png; path = bomb.png; sourceTree = "<group>"; };
		13ECE19E19FC12BD008052A3 /* boycitizen01.png */ = {isa = PBXFileReference; lastKnownFileType = image.png; path = boycitizen01.png; sourceTree = "<group>"; };
		13ECE19F19FC12BD008052A3 /* boycitizen02.png */ = {isa = PBXFileReference; lastKnownFileType = image.png; path = boycitizen02.png; sourceTree = "<group>"; };
		13ECE1A019FC12BD008052A3 /* cage.png */ = {isa = PBXFileReference; lastKnownFileType = image.png; path = cage.png; sourceTree = "<group>"; };
		13ECE1A119FC12BD008052A3 /* cat.png */ = {isa = PBXFileReference; lastKnownFileType = image.png; path = cat.png; sourceTree = "<group>"; };
		13ECE1A219FC12BD008052A3 /* exit.png */ = {isa = PBXFileReference; lastKnownFileType = image.png; path = exit.png; sourceTree = "<group>"; };
		13ECE1A319FC12BD008052A3 /* explosion.png */ = {isa = PBXFileReference; lastKnownFileType = image.png; path = explosion.png; sourceTree = "<group>"; };
		13ECE1A419FC12BD008052A3 /* girlcitizen01.png */ = {isa = PBXFileReference; lastKnownFileType = image.png; path = girlcitizen01.png; sourceTree = "<group>"; };
		13ECE1A519FC12BD008052A3 /* girlcitizen02.png */ = {isa = PBXFileReference; lastKnownFileType = image.png; path = girlcitizen02.png; sourceTree = "<group>"; };
		13ECE1A619FC12BD008052A3 /* grandmacitizen01.png */ = {isa = PBXFileReference; lastKnownFileType = image.png; path = grandmacitizen01.png; sourceTree = "<group>"; };
		13ECE1A719FC12BD008052A3 /* hero_failure.png */ = {isa = PBXFileReference; lastKnownFileType = image.png; path = hero_failure.png; sourceTree = "<group>"; };
		13ECE1A819FC12BD008052A3 /* human.png */ = {isa = PBXFileReference; lastKnownFileType = image.png; path = human.png; sourceTree = "<group>"; };
		13ECE1A919FC12BD008052A3 /* piu01.png */ = {isa = PBXFileReference; lastKnownFileType = image.png; path = piu01.png; sourceTree = "<group>"; };
		13ECE1AA19FC12BD008052A3 /* piu02.png */ = {isa = PBXFileReference; lastKnownFileType = image.png; path = piu02.png; sourceTree = "<group>"; };
		13ECE1AB19FC12BD008052A3 /* railroad.png */ = {isa = PBXFileReference; lastKnownFileType = image.png; path = railroad.png; sourceTree = "<group>"; };
		13ECE1AC19FC12BD008052A3 /* strongman01.png */ = {isa = PBXFileReference; lastKnownFileType = image.png; path = strongman01.png; sourceTree = "<group>"; };
		13ECE1AD19FC12BD008052A3 /* thief01.png */ = {isa = PBXFileReference; lastKnownFileType = image.png; path = thief01.png; sourceTree = "<group>"; };
		13ECE1AE19FC12BD008052A3 /* train.png */ = {isa = PBXFileReference; lastKnownFileType = image.png; path = train.png; sourceTree = "<group>"; };
		9861405419EB2B7000AF733A /* TenSecondHero.app */ = {isa = PBXFileReference; explicitFileType = wrapper.application; includeInIndex = 0; path = TenSecondHero.app; sourceTree = BUILT_PRODUCTS_DIR; };
		9861405819EB2B7000AF733A /* Info.plist */ = {isa = PBXFileReference; lastKnownFileType = text.plist.xml; path = Info.plist; sourceTree = "<group>"; };
		9861405919EB2B7000AF733A /* AppDelegate.swift */ = {isa = PBXFileReference; lastKnownFileType = sourcecode.swift; path = AppDelegate.swift; sourceTree = "<group>"; };
		9861405B19EB2B7000AF733A /* TitleViewController.swift */ = {isa = PBXFileReference; lastKnownFileType = sourcecode.swift; path = TitleViewController.swift; sourceTree = "<group>"; };
		9861405E19EB2B7000AF733A /* Base */ = {isa = PBXFileReference; lastKnownFileType = file.storyboard; name = Base; path = Base.lproj/Main.storyboard; sourceTree = "<group>"; };
		9861406019EB2B7000AF733A /* Images.xcassets */ = {isa = PBXFileReference; lastKnownFileType = folder.assetcatalog; path = Images.xcassets; sourceTree = "<group>"; };
		9861406319EB2B7000AF733A /* Base */ = {isa = PBXFileReference; lastKnownFileType = file.xib; name = Base; path = Base.lproj/LaunchScreen.xib; sourceTree = "<group>"; };
		9861406919EB2B7000AF733A /* TenSecondHeroTests.xctest */ = {isa = PBXFileReference; explicitFileType = wrapper.cfbundle; includeInIndex = 0; path = TenSecondHeroTests.xctest; sourceTree = BUILT_PRODUCTS_DIR; };
		9861406E19EB2B7000AF733A /* Info.plist */ = {isa = PBXFileReference; lastKnownFileType = text.plist.xml; path = Info.plist; sourceTree = "<group>"; };
		9861406F19EB2B7000AF733A /* TenSecondHeroTests.swift */ = {isa = PBXFileReference; lastKnownFileType = sourcecode.swift; path = TenSecondHeroTests.swift; sourceTree = "<group>"; };
		988BC99319FD070C007EA9B8 /* Credits.aifc */ = {isa = PBXFileReference; lastKnownFileType = file; path = Credits.aifc; sourceTree = "<group>"; };
		988BC99419FD070C007EA9B8 /* PressStart.aifc */ = {isa = PBXFileReference; lastKnownFileType = file; path = PressStart.aifc; sourceTree = "<group>"; };
		988BC99519FD070C007EA9B8 /* SaveMe.aifc */ = {isa = PBXFileReference; lastKnownFileType = file; path = SaveMe.aifc; sourceTree = "<group>"; };
		988BC99619FD070C007EA9B8 /* ScoreTime.aifc */ = {isa = PBXFileReference; lastKnownFileType = file; path = ScoreTime.aifc; sourceTree = "<group>"; };
		988BC99719FD070C007EA9B8 /* WeDontNeedAHero.aifc */ = {isa = PBXFileReference; lastKnownFileType = file; path = WeDontNeedAHero.aifc; sourceTree = "<group>"; };
		988BC99D19FD0AC9007EA9B8 /* FlappyHero.swift */ = {isa = PBXFileReference; fileEncoding = 4; lastKnownFileType = sourcecode.swift; path = FlappyHero.swift; sourceTree = "<group>"; };
		988BC99F19FDB465007EA9B8 /* drop.caf */ = {isa = PBXFileReference; lastKnownFileType = file; path = drop.caf; sourceTree = "<group>"; };
		988BC9A019FDB465007EA9B8 /* explosion.caf */ = {isa = PBXFileReference; lastKnownFileType = file; path = explosion.caf; sourceTree = "<group>"; };
		988BC9A119FDB465007EA9B8 /* pickup.caf */ = {isa = PBXFileReference; lastKnownFileType = file; path = pickup.caf; sourceTree = "<group>"; };
		988BC9A519FDBA36007EA9B8 /* ParallaxBackground.swift */ = {isa = PBXFileReference; fileEncoding = 4; lastKnownFileType = sourcecode.swift; path = ParallaxBackground.swift; sourceTree = "<group>"; };
		98B1EB7E19FC4B3700717B81 /* FlappyScene.swift */ = {isa = PBXFileReference; fileEncoding = 4; lastKnownFileType = sourcecode.swift; path = FlappyScene.swift; sourceTree = "<group>"; };
		98B1EB8219FC548A00717B81 /* GameViewController.swift */ = {isa = PBXFileReference; fileEncoding = 4; lastKnownFileType = sourcecode.swift; path = GameViewController.swift; sourceTree = "<group>"; };
		98CE751F19FEECE700D98EAD /* Collisions.swift */ = {isa = PBXFileReference; fileEncoding = 4; lastKnownFileType = sourcecode.swift; path = Collisions.swift; sourceTree = "<group>"; };
		98D450EA1A0455A70034A539 /* AudioManager.swift */ = {isa = PBXFileReference; fileEncoding = 4; lastKnownFileType = sourcecode.swift; path = AudioManager.swift; sourceTree = "<group>"; };
		98D450EC1A045ACF0034A539 /* OptionsViewController.swift */ = {isa = PBXFileReference; fileEncoding = 4; lastKnownFileType = sourcecode.swift; path = OptionsViewController.swift; sourceTree = "<group>"; };
		98E27DC91A03001B00BF9DBF /* RunningHero.swift */ = {isa = PBXFileReference; fileEncoding = 4; lastKnownFileType = sourcecode.swift; path = RunningHero.swift; sourceTree = "<group>"; };
		98E27DCB1A03025700BF9DBF /* RunningScene.swift */ = {isa = PBXFileReference; fileEncoding = 4; lastKnownFileType = sourcecode.swift; path = RunningScene.swift; sourceTree = "<group>"; };
		98E7CACD1A06F481003362B8 /* GameOptions.swift */ = {isa = PBXFileReference; fileEncoding = 4; lastKnownFileType = sourcecode.swift; path = GameOptions.swift; sourceTree = "<group>"; };
		98E7CACF1A06F804003362B8 /* HighScores.swift */ = {isa = PBXFileReference; fileEncoding = 4; lastKnownFileType = sourcecode.swift; path = HighScores.swift; sourceTree = "<group>"; };
		98E7CAD71A0701C9003362B8 /* spark.png */ = {isa = PBXFileReference; lastKnownFileType = image.png; name = spark.png; path = ../../../../../spark.png; sourceTree = "<group>"; };
		98E8D5481A065E5700D2ADC9 /* spacehero_thumb.png */ = {isa = PBXFileReference; lastKnownFileType = image.png; path = spacehero_thumb.png; sourceTree = "<group>"; };
		98E8D5491A065E5700D2ADC9 /* spacehero.png */ = {isa = PBXFileReference; lastKnownFileType = image.png; path = spacehero.png; sourceTree = "<group>"; };
		98E8D54C1A06601A00D2ADC9 /* Animation.swift */ = {isa = PBXFileReference; fileEncoding = 4; lastKnownFileType = sourcecode.swift; path = Animation.swift; sourceTree = "<group>"; };
		98E8D54E1A066BC100D2ADC9 /* spaceenemy.png */ = {isa = PBXFileReference; lastKnownFileType = image.png; path = spaceenemy.png; sourceTree = "<group>"; };
		98E8D5501A067E8300D2ADC9 /* plane.png */ = {isa = PBXFileReference; lastKnownFileType = image.png; path = plane.png; sourceTree = "<group>"; };
		98E8D5521A068B3E00D2ADC9 /* runningirl.png */ = {isa = PBXFileReference; lastKnownFileType = image.png; path = runningirl.png; sourceTree = "<group>"; };
		98E8D5541A068E5300D2ADC9 /* runningirl_thumb.png */ = {isa = PBXFileReference; lastKnownFileType = image.png; path = runningirl_thumb.png; sourceTree = "<group>"; };
		98E8D5561A068EA000D2ADC9 /* Minigames.swift */ = {isa = PBXFileReference; fileEncoding = 4; lastKnownFileType = sourcecode.swift; path = Minigames.swift; sourceTree = "<group>"; };
		98E8D5581A06933300D2ADC9 /* dog.png */ = {isa = PBXFileReference; lastKnownFileType = image.png; path = dog.png; sourceTree = "<group>"; };
		98E8D55A1A06995000D2ADC9 /* SelectionViewController.swift */ = {isa = PBXFileReference; fileEncoding = 4; lastKnownFileType = sourcecode.swift; path = SelectionViewController.swift; sourceTree = "<group>"; };
		98E8D55C1A069FF200D2ADC9 /* ShooterScene.swift */ = {isa = PBXFileReference; fileEncoding = 4; lastKnownFileType = sourcecode.swift; path = ShooterScene.swift; sourceTree = "<group>"; };
		98E8D55E1A06AF1700D2ADC9 /* background_afternoonsky.png */ = {isa = PBXFileReference; lastKnownFileType = image.png; path = background_afternoonsky.png; sourceTree = "<group>"; };
		98EF19E61A01A3F9001D9571 /* SpaceHero.swift */ = {isa = PBXFileReference; fileEncoding = 4; lastKnownFileType = sourcecode.swift; path = SpaceHero.swift; sourceTree = "<group>"; };
		98EF19EA1A01A9D9001D9571 /* SpaceScene.swift */ = {isa = PBXFileReference; fileEncoding = 4; lastKnownFileType = sourcecode.swift; path = SpaceScene.swift; sourceTree = "<group>"; };
		98F0056A1A08193200CECA77 /* Logo.png */ = {isa = PBXFileReference; lastKnownFileType = image.png; path = Logo.png; sourceTree = "<group>"; };
		98F0056C1A08194100CECA77 /* Smoke.sks */ = {isa = PBXFileReference; lastKnownFileType = file.sks; name = Smoke.sks; path = Content/Particles/Smoke.sks; sourceTree = SOURCE_ROOT; };
		98F005701A081A8900CECA77 /* flyinghero_thumb.png */ = {isa = PBXFileReference; lastKnownFileType = image.png; path = flyinghero_thumb.png; sourceTree = "<group>"; };
		98F005711A081A8900CECA77 /* flyingvillain.png */ = {isa = PBXFileReference; lastKnownFileType = image.png; path = flyingvillain.png; sourceTree = "<group>"; };
		98F005721A081A8900CECA77 /* shooter_thumb.png */ = {isa = PBXFileReference; lastKnownFileType = image.png; path = shooter_thumb.png; sourceTree = "<group>"; };
		98F005731A081A8900CECA77 /* worker_thumb.png */ = {isa = PBXFileReference; lastKnownFileType = image.png; path = worker_thumb.png; sourceTree = "<group>"; };
		98F005741A081A8900CECA77 /* worker.png */ = {isa = PBXFileReference; lastKnownFileType = image.png; path = worker.png; sourceTree = "<group>"; };
/* End PBXFileReference section */

/* Begin PBXFrameworksBuildPhase section */
		9861405119EB2B7000AF733A /* Frameworks */ = {
			isa = PBXFrameworksBuildPhase;
			buildActionMask = 2147483647;
			files = (
			);
			runOnlyForDeploymentPostprocessing = 0;
		};
		9861406619EB2B7000AF733A /* Frameworks */ = {
			isa = PBXFrameworksBuildPhase;
			buildActionMask = 2147483647;
			files = (
			);
			runOnlyForDeploymentPostprocessing = 0;
		};
/* End PBXFrameworksBuildPhase section */

/* Begin PBXGroup section */
		13ECE18F19FC0C11008052A3 /* Scenes */ = {
			isa = PBXGroup;
			children = (
				98B1EB7E19FC4B3700717B81 /* FlappyScene.swift */,
				98EF19EA1A01A9D9001D9571 /* SpaceScene.swift */,
				98E27DCB1A03025700BF9DBF /* RunningScene.swift */,
				131A78181A054F5100A73FD9 /* TransitionScene.swift */,
				98E8D55C1A069FF200D2ADC9 /* ShooterScene.swift */,
			);
			path = Scenes;
			sourceTree = "<group>";
		};
		13FE500419FBFEDC00569200 /* Content */ = {
			isa = PBXGroup;
			children = (
				98E7CAD11A06FDE2003362B8 /* Particles */,
				13FE500519FBFEE700569200 /* Images */,
				13FE500819FBFF3800569200 /* Music */,
				13FE500719FBFF2D00569200 /* Sound */,
				13FE500619FBFF2000569200 /* Sprites */,
			);
			path = Content;
			sourceTree = "<group>";
		};
		13FE500519FBFEE700569200 /* Images */ = {
			isa = PBXGroup;
			children = (
				98E7CAD71A0701C9003362B8 /* spark.png */,
				98E8D55E1A06AF1700D2ADC9 /* background_afternoonsky.png */,
				98F0056A1A08193200CECA77 /* Logo.png */,
				13ECE19219FC1253008052A3 /* background_city01.png */,
				13ECE19319FC1253008052A3 /* background_morningsky.png */,
				13ECE19419FC1253008052A3 /* background_nightsky.png */,
				13ECE19519FC1253008052A3 /* title_screen.png */,
				13ECE19619FC1253008052A3 /* title.png */,
			);
			path = Images;
			sourceTree = "<group>";
		};
		13FE500619FBFF2000569200 /* Sprites */ = {
			isa = PBXGroup;
			children = (
				98F005701A081A8900CECA77 /* flyinghero_thumb.png */,
				98F005711A081A8900CECA77 /* flyingvillain.png */,
				98F005721A081A8900CECA77 /* shooter_thumb.png */,
				98F005731A081A8900CECA77 /* worker_thumb.png */,
				98F005741A081A8900CECA77 /* worker.png */,
				13ECE19D19FC12BD008052A3 /* bomb.png */,
				13ECE19E19FC12BD008052A3 /* boycitizen01.png */,
				98E8D5481A065E5700D2ADC9 /* spacehero_thumb.png */,
				98E8D5491A065E5700D2ADC9 /* spacehero.png */,
				13ECE19F19FC12BD008052A3 /* boycitizen02.png */,
				13ECE1A019FC12BD008052A3 /* cage.png */,
				13ECE1A119FC12BD008052A3 /* cat.png */,
				98E8D5581A06933300D2ADC9 /* dog.png */,
				13ECE1A219FC12BD008052A3 /* exit.png */,
				13ECE1A319FC12BD008052A3 /* explosion.png */,
				13ECE19C19FC12BD008052A3 /* flyinghero.png */,
				13ECE1A419FC12BD008052A3 /* girlcitizen01.png */,
				98E8D54E1A066BC100D2ADC9 /* spaceenemy.png */,
				13ECE1A519FC12BD008052A3 /* girlcitizen02.png */,
				13ECE1A619FC12BD008052A3 /* grandmacitizen01.png */,
				13ECE1A719FC12BD008052A3 /* hero_failure.png */,
				13ECE1A819FC12BD008052A3 /* human.png */,
				13ECE1A919FC12BD008052A3 /* piu01.png */,
				13ECE1AA19FC12BD008052A3 /* piu02.png */,
				98E8D5501A067E8300D2ADC9 /* plane.png */,
				13ECE1AB19FC12BD008052A3 /* railroad.png */,
				98E8D5521A068B3E00D2ADC9 /* runningirl.png */,
				98E8D5541A068E5300D2ADC9 /* runningirl_thumb.png */,
				13ECE1AC19FC12BD008052A3 /* strongman01.png */,
				13ECE1AD19FC12BD008052A3 /* thief01.png */,
				13ECE1AE19FC12BD008052A3 /* train.png */,
			);
			path = Sprites;
			sourceTree = "<group>";
		};
		13FE500719FBFF2D00569200 /* Sound */ = {
			isa = PBXGroup;
			children = (
				988BC99F19FDB465007EA9B8 /* drop.caf */,
				988BC9A019FDB465007EA9B8 /* explosion.caf */,
				988BC9A119FDB465007EA9B8 /* pickup.caf */,
			);
			path = Sound;
			sourceTree = "<group>";
		};
		13FE500819FBFF3800569200 /* Music */ = {
			isa = PBXGroup;
			children = (
				988BC99319FD070C007EA9B8 /* Credits.aifc */,
				988BC99419FD070C007EA9B8 /* PressStart.aifc */,
				988BC99519FD070C007EA9B8 /* SaveMe.aifc */,
				988BC99619FD070C007EA9B8 /* ScoreTime.aifc */,
				988BC99719FD070C007EA9B8 /* WeDontNeedAHero.aifc */,
			);
			path = Music;
			sourceTree = "<group>";
		};
		9861404B19EB2B7000AF733A = {
			isa = PBXGroup;
			children = (
				13FE500419FBFEDC00569200 /* Content */,
				9861405619EB2B7000AF733A /* TenSecondHero */,
				9861406C19EB2B7000AF733A /* TenSecondHeroTests */,
				9861405519EB2B7000AF733A /* Products */,
			);
			sourceTree = "<group>";
		};
		9861405519EB2B7000AF733A /* Products */ = {
			isa = PBXGroup;
			children = (
				9861405419EB2B7000AF733A /* TenSecondHero.app */,
				9861406919EB2B7000AF733A /* TenSecondHeroTests.xctest */,
			);
			name = Products;
			sourceTree = "<group>";
		};
		9861405619EB2B7000AF733A /* TenSecondHero */ = {
			isa = PBXGroup;
			children = (
				98E7CACC1A06F446003362B8 /* Persistence */,
				98CE751E19FEECB500D98EAD /* Definitions */,
				98B1EB8119FC533700717B81 /* Core */,
				98B1EB8019FC4EE500717B81 /* Entities */,
				13ECE18F19FC0C11008052A3 /* Scenes */,
				9861407919EB2E2D00AF733A /* ViewControllers */,
				9861405919EB2B7000AF733A /* AppDelegate.swift */,
				9861405D19EB2B7000AF733A /* Main.storyboard */,
				9861406019EB2B7000AF733A /* Images.xcassets */,
				9861406219EB2B7000AF733A /* LaunchScreen.xib */,
				9861405719EB2B7000AF733A /* Supporting Files */,
			);
			path = TenSecondHero;
			sourceTree = "<group>";
		};
		9861405719EB2B7000AF733A /* Supporting Files */ = {
			isa = PBXGroup;
			children = (
				9861405819EB2B7000AF733A /* Info.plist */,
			);
			name = "Supporting Files";
			sourceTree = "<group>";
		};
		9861406C19EB2B7000AF733A /* TenSecondHeroTests */ = {
			isa = PBXGroup;
			children = (
				9861406F19EB2B7000AF733A /* TenSecondHeroTests.swift */,
				9861406D19EB2B7000AF733A /* Supporting Files */,
			);
			path = TenSecondHeroTests;
			sourceTree = "<group>";
		};
		9861406D19EB2B7000AF733A /* Supporting Files */ = {
			isa = PBXGroup;
			children = (
				9861406E19EB2B7000AF733A /* Info.plist */,
			);
			name = "Supporting Files";
			sourceTree = "<group>";
		};
		9861407919EB2E2D00AF733A /* ViewControllers */ = {
			isa = PBXGroup;
			children = (
				9861405B19EB2B7000AF733A /* TitleViewController.swift */,
				98B1EB8219FC548A00717B81 /* GameViewController.swift */,
				98D450EC1A045ACF0034A539 /* OptionsViewController.swift */,
				98E8D55A1A06995000D2ADC9 /* SelectionViewController.swift */,
			);
			path = ViewControllers;
			sourceTree = "<group>";
		};
		98B1EB8019FC4EE500717B81 /* Entities */ = {
			isa = PBXGroup;
			children = (
				988BC99D19FD0AC9007EA9B8 /* FlappyHero.swift */,
				98EF19E61A01A3F9001D9571 /* SpaceHero.swift */,
				98E27DC91A03001B00BF9DBF /* RunningHero.swift */,
			);
			path = Entities;
			sourceTree = "<group>";
		};
		98B1EB8119FC533700717B81 /* Core */ = {
			isa = PBXGroup;
			children = (
				13ECE18D19FC0BAD008052A3 /* GameScene.swift */,
				13ECE19019FC0E19008052A3 /* BaseScene.swift */,
				988BC9A519FDBA36007EA9B8 /* ParallaxBackground.swift */,
				98D450EA1A0455A70034A539 /* AudioManager.swift */,
				98E8D54C1A06601A00D2ADC9 /* Animation.swift */,
				98E8D5561A068EA000D2ADC9 /* Minigames.swift */,
			);
			path = Core;
			sourceTree = "<group>";
		};
		98CE751E19FEECB500D98EAD /* Definitions */ = {
			isa = PBXGroup;
			children = (
				98CE751F19FEECE700D98EAD /* Collisions.swift */,
			);
			path = Definitions;
			sourceTree = "<group>";
		};
		98E7CACC1A06F446003362B8 /* Persistence */ = {
			isa = PBXGroup;
			children = (
				98E7CACD1A06F481003362B8 /* GameOptions.swift */,
				98E7CACF1A06F804003362B8 /* HighScores.swift */,
			);
			path = Persistence;
			sourceTree = "<group>";
		};
		98E7CAD11A06FDE2003362B8 /* Particles */ = {
			isa = PBXGroup;
			children = (
				98F0056C1A08194100CECA77 /* Smoke.sks */,
			);
			path = Particles;
			sourceTree = "<group>";
		};
/* End PBXGroup section */

/* Begin PBXNativeTarget section */
		9861405319EB2B7000AF733A /* TenSecondHero */ = {
			isa = PBXNativeTarget;
			buildConfigurationList = 9861407319EB2B7000AF733A /* Build configuration list for PBXNativeTarget "TenSecondHero" */;
			buildPhases = (
				9861405019EB2B7000AF733A /* Sources */,
				9861405119EB2B7000AF733A /* Frameworks */,
				9861405219EB2B7000AF733A /* Resources */,
			);
			buildRules = (
			);
			dependencies = (
			);
			name = TenSecondHero;
			productName = TenSecondHero;
			productReference = 9861405419EB2B7000AF733A /* TenSecondHero.app */;
			productType = "com.apple.product-type.application";
		};
		9861406819EB2B7000AF733A /* TenSecondHeroTests */ = {
			isa = PBXNativeTarget;
			buildConfigurationList = 9861407619EB2B7000AF733A /* Build configuration list for PBXNativeTarget "TenSecondHeroTests" */;
			buildPhases = (
				9861406519EB2B7000AF733A /* Sources */,
				9861406619EB2B7000AF733A /* Frameworks */,
				9861406719EB2B7000AF733A /* Resources */,
			);
			buildRules = (
			);
			dependencies = (
				9861406B19EB2B7000AF733A /* PBXTargetDependency */,
			);
			name = TenSecondHeroTests;
			productName = TenSecondHeroTests;
			productReference = 9861406919EB2B7000AF733A /* TenSecondHeroTests.xctest */;
			productType = "com.apple.product-type.bundle.unit-test";
		};
/* End PBXNativeTarget section */

/* Begin PBXProject section */
		9861404C19EB2B7000AF733A /* Project object */ = {
			isa = PBXProject;
			attributes = {
				LastUpgradeCheck = 0600;
				ORGANIZATIONNAME = "Diogo Muller";
				TargetAttributes = {
					9861405319EB2B7000AF733A = {
						CreatedOnToolsVersion = 6.0.1;
					};
					9861406819EB2B7000AF733A = {
						CreatedOnToolsVersion = 6.0.1;
						TestTargetID = 9861405319EB2B7000AF733A;
					};
				};
			};
			buildConfigurationList = 9861404F19EB2B7000AF733A /* Build configuration list for PBXProject "TenSecondHero" */;
			compatibilityVersion = "Xcode 3.2";
			developmentRegion = English;
			hasScannedForEncodings = 0;
			knownRegions = (
				en,
				Base,
			);
			mainGroup = 9861404B19EB2B7000AF733A;
			productRefGroup = 9861405519EB2B7000AF733A /* Products */;
			projectDirPath = "";
			projectRoot = "";
			targets = (
				9861405319EB2B7000AF733A /* TenSecondHero */,
				9861406819EB2B7000AF733A /* TenSecondHeroTests */,
			);
		};
/* End PBXProject section */

/* Begin PBXResourcesBuildPhase section */
		9861405219EB2B7000AF733A /* Resources */ = {
			isa = PBXResourcesBuildPhase;
			buildActionMask = 2147483647;
			files = (
				98E8D5591A06933300D2ADC9 /* dog.png in Resources */,
				988BC9A219FDB465007EA9B8 /* drop.caf in Resources */,
				13ECE19919FC1253008052A3 /* background_nightsky.png in Resources */,
				13ECE1B619FC12BD008052A3 /* explosion.png in Resources */,
				98E8D54F1A066BC100D2ADC9 /* spaceenemy.png in Resources */,
				98E8D54A1A065E5700D2ADC9 /* spacehero_thumb.png in Resources */,
				98F005781A081A8900CECA77 /* worker_thumb.png in Resources */,
				13ECE1B219FC12BD008052A3 /* boycitizen02.png in Resources */,
				13ECE1B319FC12BD008052A3 /* cage.png in Resources */,
				98F005771A081A8900CECA77 /* shooter_thumb.png in Resources */,
				13ECE1BA19FC12BD008052A3 /* hero_failure.png in Resources */,
				13ECE1B919FC12BD008052A3 /* grandmacitizen01.png in Resources */,
				98E7CAD91A0701C9003362B8 /* spark.png in Resources */,
				98E8D5531A068B3E00D2ADC9 /* runningirl.png in Resources */,
				13ECE1B719FC12BD008052A3 /* girlcitizen01.png in Resources */,
				988BC99919FD070C007EA9B8 /* PressStart.aifc in Resources */,
				13ECE1B119FC12BD008052A3 /* boycitizen01.png in Resources */,
				13ECE1C119FC12BD008052A3 /* train.png in Resources */,
				98E8D54B1A065E5700D2ADC9 /* spacehero.png in Resources */,
				13ECE1B019FC12BD008052A3 /* bomb.png in Resources */,
				13ECE1BC19FC12BD008052A3 /* piu01.png in Resources */,
				13ECE1AF19FC12BD008052A3 /* flyinghero.png in Resources */,
				13ECE1BD19FC12BD008052A3 /* piu02.png in Resources */,
				988BC9A419FDB465007EA9B8 /* pickup.caf in Resources */,
				98E8D5551A068E5300D2ADC9 /* runningirl_thumb.png in Resources */,
				13ECE1BB19FC12BD008052A3 /* human.png in Resources */,
				13ECE19819FC1253008052A3 /* background_morningsky.png in Resources */,
				98F0056E1A08194100CECA77 /* Smoke.sks in Resources */,
				9861405F19EB2B7000AF733A /* Main.storyboard in Resources */,
				988BC9A319FDB465007EA9B8 /* explosion.caf in Resources */,
				98F0056B1A08193200CECA77 /* Logo.png in Resources */,
				988BC99C19FD070C007EA9B8 /* WeDontNeedAHero.aifc in Resources */,
				13ECE1C019FC12BD008052A3 /* thief01.png in Resources */,
				13ECE19719FC1253008052A3 /* background_city01.png in Resources */,
				988BC99A19FD070C007EA9B8 /* SaveMe.aifc in Resources */,
				9861406419EB2B7000AF733A /* LaunchScreen.xib in Resources */,
				98E8D55F1A06AF1700D2ADC9 /* background_afternoonsky.png in Resources */,
				988BC99B19FD070C007EA9B8 /* ScoreTime.aifc in Resources */,
				13ECE19A19FC1253008052A3 /* title_screen.png in Resources */,
				13ECE1B519FC12BD008052A3 /* exit.png in Resources */,
				13ECE1B819FC12BD008052A3 /* girlcitizen02.png in Resources */,
				98F005751A081A8900CECA77 /* flyinghero_thumb.png in Resources */,
				98E8D5511A067E8300D2ADC9 /* plane.png in Resources */,
				13ECE19B19FC1253008052A3 /* title.png in Resources */,
				988BC99819FD070C007EA9B8 /* Credits.aifc in Resources */,
				13ECE1BE19FC12BD008052A3 /* railroad.png in Resources */,
				98F005761A081A8900CECA77 /* flyingvillain.png in Resources */,
				13ECE1B419FC12BD008052A3 /* cat.png in Resources */,
				13ECE1BF19FC12BD008052A3 /* strongman01.png in Resources */,
				9861406119EB2B7000AF733A /* Images.xcassets in Resources */,
				98F005791A081A8900CECA77 /* worker.png in Resources */,
			);
			runOnlyForDeploymentPostprocessing = 0;
		};
		9861406719EB2B7000AF733A /* Resources */ = {
			isa = PBXResourcesBuildPhase;
			buildActionMask = 2147483647;
			files = (
			);
			runOnlyForDeploymentPostprocessing = 0;
		};
/* End PBXResourcesBuildPhase section */

/* Begin PBXSourcesBuildPhase section */
		9861405019EB2B7000AF733A /* Sources */ = {
			isa = PBXSourcesBuildPhase;
			buildActionMask = 2147483647;
			files = (
				98E8D55B1A06995000D2ADC9 /* SelectionViewController.swift in Sources */,
				988BC9A619FDBA36007EA9B8 /* ParallaxBackground.swift in Sources */,
				98E8D54D1A06601A00D2ADC9 /* Animation.swift in Sources */,
				13ECE18E19FC0BAD008052A3 /* GameScene.swift in Sources */,
				9861405C19EB2B7000AF733A /* TitleViewController.swift in Sources */,
				98E27DCA1A03001B00BF9DBF /* RunningHero.swift in Sources */,
				98E27DCC1A03025700BF9DBF /* RunningScene.swift in Sources */,
				98B1EB7F19FC4B3700717B81 /* FlappyScene.swift in Sources */,
				9861405A19EB2B7000AF733A /* AppDelegate.swift in Sources */,
				988BC99E19FD0AC9007EA9B8 /* FlappyHero.swift in Sources */,
				98D450EB1A0455A70034A539 /* AudioManager.swift in Sources */,
				98E8D55D1A069FF200D2ADC9 /* ShooterScene.swift in Sources */,
				131A78191A054F5100A73FD9 /* TransitionScene.swift in Sources */,
				98D450ED1A045ACF0034A539 /* OptionsViewController.swift in Sources */,
				98B1EB8319FC548A00717B81 /* GameViewController.swift in Sources */,
				98CE752019FEECE700D98EAD /* Collisions.swift in Sources */,
				98E7CAD01A06F804003362B8 /* HighScores.swift in Sources */,
				98E7CACE1A06F481003362B8 /* GameOptions.swift in Sources */,
				98EF19EB1A01A9D9001D9571 /* SpaceScene.swift in Sources */,
				98EF19E71A01A3F9001D9571 /* SpaceHero.swift in Sources */,
				98E8D5571A068EA000D2ADC9 /* Minigames.swift in Sources */,
				13ECE19119FC0E19008052A3 /* BaseScene.swift in Sources */,
			);
			runOnlyForDeploymentPostprocessing = 0;
		};
		9861406519EB2B7000AF733A /* Sources */ = {
			isa = PBXSourcesBuildPhase;
			buildActionMask = 2147483647;
			files = (
				9861407019EB2B7000AF733A /* TenSecondHeroTests.swift in Sources */,
			);
			runOnlyForDeploymentPostprocessing = 0;
		};
/* End PBXSourcesBuildPhase section */

/* Begin PBXTargetDependency section */
		9861406B19EB2B7000AF733A /* PBXTargetDependency */ = {
			isa = PBXTargetDependency;
			target = 9861405319EB2B7000AF733A /* TenSecondHero */;
			targetProxy = 9861406A19EB2B7000AF733A /* PBXContainerItemProxy */;
		};
/* End PBXTargetDependency section */

/* Begin PBXVariantGroup section */
		9861405D19EB2B7000AF733A /* Main.storyboard */ = {
			isa = PBXVariantGroup;
			children = (
				9861405E19EB2B7000AF733A /* Base */,
			);
			name = Main.storyboard;
			sourceTree = "<group>";
		};
		9861406219EB2B7000AF733A /* LaunchScreen.xib */ = {
			isa = PBXVariantGroup;
			children = (
				9861406319EB2B7000AF733A /* Base */,
			);
			name = LaunchScreen.xib;
			sourceTree = "<group>";
		};
/* End PBXVariantGroup section */

/* Begin XCBuildConfiguration section */
		9861407119EB2B7000AF733A /* Debug */ = {
			isa = XCBuildConfiguration;
			buildSettings = {
				ALWAYS_SEARCH_USER_PATHS = NO;
				CLANG_CXX_LANGUAGE_STANDARD = "gnu++0x";
				CLANG_CXX_LIBRARY = "libc++";
				CLANG_ENABLE_MODULES = YES;
				CLANG_ENABLE_OBJC_ARC = YES;
				CLANG_WARN_BOOL_CONVERSION = YES;
				CLANG_WARN_CONSTANT_CONVERSION = YES;
				CLANG_WARN_DIRECT_OBJC_ISA_USAGE = YES_ERROR;
				CLANG_WARN_EMPTY_BODY = YES;
				CLANG_WARN_ENUM_CONVERSION = YES;
				CLANG_WARN_INT_CONVERSION = YES;
				CLANG_WARN_OBJC_ROOT_CLASS = YES_ERROR;
				CLANG_WARN_UNREACHABLE_CODE = YES;
				CLANG_WARN__DUPLICATE_METHOD_MATCH = YES;
				"CODE_SIGN_IDENTITY[sdk=iphoneos*]" = "iPhone Developer";
				COPY_PHASE_STRIP = NO;
				ENABLE_STRICT_OBJC_MSGSEND = YES;
				GCC_C_LANGUAGE_STANDARD = gnu99;
				GCC_DYNAMIC_NO_PIC = NO;
				GCC_OPTIMIZATION_LEVEL = 0;
				GCC_PREPROCESSOR_DEFINITIONS = (
					"DEBUG=1",
					"$(inherited)",
				);
				GCC_SYMBOLS_PRIVATE_EXTERN = NO;
				GCC_WARN_64_TO_32_BIT_CONVERSION = YES;
				GCC_WARN_ABOUT_RETURN_TYPE = YES_ERROR;
				GCC_WARN_UNDECLARED_SELECTOR = YES;
				GCC_WARN_UNINITIALIZED_AUTOS = YES_AGGRESSIVE;
				GCC_WARN_UNUSED_FUNCTION = YES;
				GCC_WARN_UNUSED_VARIABLE = YES;
				IPHONEOS_DEPLOYMENT_TARGET = 8.0;
				MTL_ENABLE_DEBUG_INFO = YES;
				ONLY_ACTIVE_ARCH = YES;
				SDKROOT = iphoneos;
				SWIFT_OPTIMIZATION_LEVEL = "-Onone";
				TARGETED_DEVICE_FAMILY = "1,2";
			};
			name = Debug;
		};
		9861407219EB2B7000AF733A /* Release */ = {
			isa = XCBuildConfiguration;
			buildSettings = {
				ALWAYS_SEARCH_USER_PATHS = NO;
				CLANG_CXX_LANGUAGE_STANDARD = "gnu++0x";
				CLANG_CXX_LIBRARY = "libc++";
				CLANG_ENABLE_MODULES = YES;
				CLANG_ENABLE_OBJC_ARC = YES;
				CLANG_WARN_BOOL_CONVERSION = YES;
				CLANG_WARN_CONSTANT_CONVERSION = YES;
				CLANG_WARN_DIRECT_OBJC_ISA_USAGE = YES_ERROR;
				CLANG_WARN_EMPTY_BODY = YES;
				CLANG_WARN_ENUM_CONVERSION = YES;
				CLANG_WARN_INT_CONVERSION = YES;
				CLANG_WARN_OBJC_ROOT_CLASS = YES_ERROR;
				CLANG_WARN_UNREACHABLE_CODE = YES;
				CLANG_WARN__DUPLICATE_METHOD_MATCH = YES;
				"CODE_SIGN_IDENTITY[sdk=iphoneos*]" = "iPhone Developer";
				COPY_PHASE_STRIP = YES;
				ENABLE_NS_ASSERTIONS = NO;
				ENABLE_STRICT_OBJC_MSGSEND = YES;
				GCC_C_LANGUAGE_STANDARD = gnu99;
				GCC_WARN_64_TO_32_BIT_CONVERSION = YES;
				GCC_WARN_ABOUT_RETURN_TYPE = YES_ERROR;
				GCC_WARN_UNDECLARED_SELECTOR = YES;
				GCC_WARN_UNINITIALIZED_AUTOS = YES_AGGRESSIVE;
				GCC_WARN_UNUSED_FUNCTION = YES;
				GCC_WARN_UNUSED_VARIABLE = YES;
				IPHONEOS_DEPLOYMENT_TARGET = 8.0;
				MTL_ENABLE_DEBUG_INFO = NO;
				SDKROOT = iphoneos;
				TARGETED_DEVICE_FAMILY = "1,2";
				VALIDATE_PRODUCT = YES;
			};
			name = Release;
		};
		9861407419EB2B7000AF733A /* Debug */ = {
			isa = XCBuildConfiguration;
			buildSettings = {
				ASSETCATALOG_COMPILER_APPICON_NAME = AppIcon;
				CODE_SIGN_IDENTITY = "iPhone Developer";
				INFOPLIST_FILE = TenSecondHero/Info.plist;
				LD_RUNPATH_SEARCH_PATHS = "$(inherited) @executable_path/Frameworks";
				PRODUCT_NAME = "$(TARGET_NAME)";
			};
			name = Debug;
		};
		9861407519EB2B7000AF733A /* Release */ = {
			isa = XCBuildConfiguration;
			buildSettings = {
				ASSETCATALOG_COMPILER_APPICON_NAME = AppIcon;
				CODE_SIGN_IDENTITY = "iPhone Developer";
				INFOPLIST_FILE = TenSecondHero/Info.plist;
				LD_RUNPATH_SEARCH_PATHS = "$(inherited) @executable_path/Frameworks";
				PRODUCT_NAME = "$(TARGET_NAME)";
			};
			name = Release;
		};
		9861407719EB2B7000AF733A /* Debug */ = {
			isa = XCBuildConfiguration;
			buildSettings = {
				BUNDLE_LOADER = "$(TEST_HOST)";
				FRAMEWORK_SEARCH_PATHS = (
					"$(SDKROOT)/Developer/Library/Frameworks",
					"$(inherited)",
				);
				GCC_PREPROCESSOR_DEFINITIONS = (
					"DEBUG=1",
					"$(inherited)",
				);
				INFOPLIST_FILE = TenSecondHeroTests/Info.plist;
				LD_RUNPATH_SEARCH_PATHS = "$(inherited) @executable_path/Frameworks @loader_path/Frameworks";
				PRODUCT_NAME = "$(TARGET_NAME)";
				TEST_HOST = "$(BUILT_PRODUCTS_DIR)/TenSecondHero.app/TenSecondHero";
			};
			name = Debug;
		};
		9861407819EB2B7000AF733A /* Release */ = {
			isa = XCBuildConfiguration;
			buildSettings = {
				BUNDLE_LOADER = "$(TEST_HOST)";
				FRAMEWORK_SEARCH_PATHS = (
					"$(SDKROOT)/Developer/Library/Frameworks",
					"$(inherited)",
				);
				INFOPLIST_FILE = TenSecondHeroTests/Info.plist;
				LD_RUNPATH_SEARCH_PATHS = "$(inherited) @executable_path/Frameworks @loader_path/Frameworks";
				PRODUCT_NAME = "$(TARGET_NAME)";
				TEST_HOST = "$(BUILT_PRODUCTS_DIR)/TenSecondHero.app/TenSecondHero";
			};
			name = Release;
		};
/* End XCBuildConfiguration section */

/* Begin XCConfigurationList section */
		9861404F19EB2B7000AF733A /* Build configuration list for PBXProject "TenSecondHero" */ = {
			isa = XCConfigurationList;
			buildConfigurations = (
				9861407119EB2B7000AF733A /* Debug */,
				9861407219EB2B7000AF733A /* Release */,
			);
			defaultConfigurationIsVisible = 0;
			defaultConfigurationName = Release;
		};
		9861407319EB2B7000AF733A /* Build configuration list for PBXNativeTarget "TenSecondHero" */ = {
			isa = XCConfigurationList;
			buildConfigurations = (
				9861407419EB2B7000AF733A /* Debug */,
				9861407519EB2B7000AF733A /* Release */,
			);
			defaultConfigurationIsVisible = 0;
			defaultConfigurationName = Release;
		};
		9861407619EB2B7000AF733A /* Build configuration list for PBXNativeTarget "TenSecondHeroTests" */ = {
			isa = XCConfigurationList;
			buildConfigurations = (
				9861407719EB2B7000AF733A /* Debug */,
				9861407819EB2B7000AF733A /* Release */,
			);
			defaultConfigurationIsVisible = 0;
			defaultConfigurationName = Release;
		};
/* End XCConfigurationList section */
	};
	rootObject = 9861404C19EB2B7000AF733A /* Project object */;
}
