// !$*UTF8*$!
{
	archiveVersion = 1;
	classes = {
	};
	objectVersion = 46;
	objects = {

/* Begin PBXBuildFile section */
		9861405A19EB2B7000AF733A /* AppDelegate.swift in Sources */ = {isa = PBXBuildFile; fileRef = 9861405919EB2B7000AF733A /* AppDelegate.swift */; };
		9861405C19EB2B7000AF733A /* ViewController.swift in Sources */ = {isa = PBXBuildFile; fileRef = 9861405B19EB2B7000AF733A /* ViewController.swift */; };
		9861405F19EB2B7000AF733A /* Main.storyboard in Resources */ = {isa = PBXBuildFile; fileRef = 9861405D19EB2B7000AF733A /* Main.storyboard */; };
		9861406119EB2B7000AF733A /* Images.xcassets in Resources */ = {isa = PBXBuildFile; fileRef = 9861406019EB2B7000AF733A /* Images.xcassets */; };
		9861406419EB2B7000AF733A /* LaunchScreen.xib in Resources */ = {isa = PBXBuildFile; fileRef = 9861406219EB2B7000AF733A /* LaunchScreen.xib */; };
		9861407019EB2B7000AF733A /* TenSecondHeroTests.swift in Sources */ = {isa = PBXBuildFile; fileRef = 9861406F19EB2B7000AF733A /* TenSecondHeroTests.swift */; };
/* End PBXBuildFile section */

/* Begin PBXContainerItemProxy section */
		9861406A19EB2B7000AF733A /* PBXContainerItemProxy */ = {
			isa = PBXContainerItemProxy;
			containerPortal = 9861404C19EB2B7000AF733A /* Project object */;
			proxyType = 1;
			remoteGlobalIDString = 9861405319EB2B7000AF733A;
			remoteInfo = TenSecondHero;
		};
/* End PBXContainerItemProxy section */

/* Begin PBXFileReference section */
		9861405419EB2B7000AF733A /* TenSecondHero.app */ = {isa = PBXFileReference; explicitFileType = wrapper.application; includeInIndex = 0; path = TenSecondHero.app; sourceTree = BUILT_PRODUCTS_DIR; };
		9861405819EB2B7000AF733A /* Info.plist */ = {isa = PBXFileReference; lastKnownFileType = text.plist.xml; path = Info.plist; sourceTree = "<group>"; };
		9861405919EB2B7000AF733A /* AppDelegate.swift */ = {isa = PBXFileReference; lastKnownFileType = sourcecode.swift; path = AppDelegate.swift; sourceTree = "<group>"; };
		9861405B19EB2B7000AF733A /* ViewController.swift */ = {isa = PBXFileReference; lastKnownFileType = sourcecode.swift; path = ViewController.swift; sourceTree = "<group>"; };
		9861405E19EB2B7000AF733A /* Base */ = {isa = PBXFileReference; lastKnownFileType = file.storyboard; name = Base; path = Base.lproj/Main.storyboard; sourceTree = "<group>"; };
		9861406019EB2B7000AF733A /* Images.xcassets */ = {isa = PBXFileReference; lastKnownFileType = folder.assetcatalog; path = Images.xcassets; sourceTree = "<group>"; };
		9861406319EB2B7000AF733A /* Base */ = {isa = PBXFileReference; lastKnownFileType = file.xib; name = Base; path = Base.lproj/LaunchScreen.xib; sourceTree = "<group>"; };
		9861406919EB2B7000AF733A /* TenSecondHeroTests.xctest */ = {isa = PBXFileReference; explicitFileType = wrapper.cfbundle; includeInIndex = 0; path = TenSecondHeroTests.xctest; sourceTree = BUILT_PRODUCTS_DIR; };
		9861406E19EB2B7000AF733A /* Info.plist */ = {isa = PBXFileReference; lastKnownFileType = text.plist.xml; path = Info.plist; sourceTree = "<group>"; };
		9861406F19EB2B7000AF733A /* TenSecondHeroTests.swift */ = {isa = PBXFileReference; lastKnownFileType = sourcecode.swift; path = TenSecondHeroTests.swift; sourceTree = "<group>"; };
/* End PBXFileReference section */

/* Begin PBXFrameworksBuildPhase section */
		9861405119EB2B7000AF733A /* Frameworks */ = {
			isa = PBXFrameworksBuildPhase;
			buildActionMask = 2147483647;
			files = (
			);
			runOnlyForDeploymentPostprocessing = 0;
		};
		9861406619EB2B7000AF733A /* Frameworks */ = {
			isa = PBXFrameworksBuildPhase;
			buildActionMask = 2147483647;
			files = (
			);
			runOnlyForDeploymentPostprocessing = 0;
		};
/* End PBXFrameworksBuildPhase section */

/* Begin PBXGroup section */
		9861404B19EB2B7000AF733A = {
			isa = PBXGroup;
			children = (
				9861405619EB2B7000AF733A /* TenSecondHero */,
				9861406C19EB2B7000AF733A /* TenSecondHeroTests */,
				9861405519EB2B7000AF733A /* Products */,
			);
			sourceTree = "<group>";
		};
		9861405519EB2B7000AF733A /* Products */ = {
			isa = PBXGroup;
			children = (
				9861405419EB2B7000AF733A /* TenSecondHero.app */,
				9861406919EB2B7000AF733A /* TenSecondHeroTests.xctest */,
			);
			name = Products;
			sourceTree = "<group>";
		};
		9861405619EB2B7000AF733A /* TenSecondHero */ = {
			isa = PBXGroup;
			children = (
				9861405919EB2B7000AF733A /* AppDelegate.swift */,
				9861405B19EB2B7000AF733A /* ViewController.swift */,
				9861405D19EB2B7000AF733A /* Main.storyboard */,
				9861406019EB2B7000AF733A /* Images.xcassets */,
				9861406219EB2B7000AF733A /* LaunchScreen.xib */,
				9861405719EB2B7000AF733A /* Supporting Files */,
			);
			path = TenSecondHero;
			sourceTree = "<group>";
		};
		9861405719EB2B7000AF733A /* Supporting Files */ = {
			isa = PBXGroup;
			children = (
				9861405819EB2B7000AF733A /* Info.plist */,
			);
			name = "Supporting Files";
			sourceTree = "<group>";
		};
		9861406C19EB2B7000AF733A /* TenSecondHeroTests */ = {
			isa = PBXGroup;
			children = (
				9861406F19EB2B7000AF733A /* TenSecondHeroTests.swift */,
				9861406D19EB2B7000AF733A /* Supporting Files */,
			);
			path = TenSecondHeroTests;
			sourceTree = "<group>";
		};
		9861406D19EB2B7000AF733A /* Supporting Files */ = {
			isa = PBXGroup;
			children = (
				9861406E19EB2B7000AF733A /* Info.plist */,
			);
			name = "Supporting Files";
			sourceTree = "<group>";
		};
/* End PBXGroup section */

/* Begin PBXNativeTarget section */
		9861405319EB2B7000AF733A /* TenSecondHero */ = {
			isa = PBXNativeTarget;
			buildConfigurationList = 9861407319EB2B7000AF733A /* Build configuration list for PBXNativeTarget "TenSecondHero" */;
			buildPhases = (
				9861405019EB2B7000AF733A /* Sources */,
				9861405119EB2B7000AF733A /* Frameworks */,
				9861405219EB2B7000AF733A /* Resources */,
			);
			buildRules = (
			);
			dependencies = (
			);
			name = TenSecondHero;
			productName = TenSecondHero;
			productReference = 9861405419EB2B7000AF733A /* TenSecondHero.app */;
			productType = "com.apple.product-type.application";
		};
		9861406819EB2B7000AF733A /* TenSecondHeroTests */ = {
			isa = PBXNativeTarget;
			buildConfigurationList = 9861407619EB2B7000AF733A /* Build configuration list for PBXNativeTarget "TenSecondHeroTests" */;
			buildPhases = (
				9861406519EB2B7000AF733A /* Sources */,
				9861406619EB2B7000AF733A /* Frameworks */,
				9861406719EB2B7000AF733A /* Resources */,
			);
			buildRules = (
			);
			dependencies = (
				9861406B19EB2B7000AF733A /* PBXTargetDependency */,
			);
			name = TenSecondHeroTests;
			productName = TenSecondHeroTests;
			productReference = 9861406919EB2B7000AF733A /* TenSecondHeroTests.xctest */;
			productType = "com.apple.product-type.bundle.unit-test";
		};
/* End PBXNativeTarget section */

/* Begin PBXProject section */
		9861404C19EB2B7000AF733A /* Project object */ = {
			isa = PBXProject;
			attributes = {
				LastUpgradeCheck = 0600;
				ORGANIZATIONNAME = "Old Fat Panda";
				TargetAttributes = {
					9861405319EB2B7000AF733A = {
						CreatedOnToolsVersion = 6.0.1;
					};
					9861406819EB2B7000AF733A = {
						CreatedOnToolsVersion = 6.0.1;
						TestTargetID = 9861405319EB2B7000AF733A;
					};
				};
			};
			buildConfigurationList = 9861404F19EB2B7000AF733A /* Build configuration list for PBXProject "TenSecondHero" */;
			compatibilityVersion = "Xcode 3.2";
			developmentRegion = English;
			hasScannedForEncodings = 0;
			knownRegions = (
				en,
				Base,
			);
			mainGroup = 9861404B19EB2B7000AF733A;
			productRefGroup = 9861405519EB2B7000AF733A /* Products */;
			projectDirPath = "";
			projectRoot = "";
			targets = (
				9861405319EB2B7000AF733A /* TenSecondHero */,
				9861406819EB2B7000AF733A /* TenSecondHeroTests */,
			);
		};
/* End PBXProject section */

/* Begin PBXResourcesBuildPhase section */
		9861405219EB2B7000AF733A /* Resources */ = {
			isa = PBXResourcesBuildPhase;
			buildActionMask = 2147483647;
			files = (
				9861405F19EB2B7000AF733A /* Main.storyboard in Resources */,
				9861406419EB2B7000AF733A /* LaunchScreen.xib in Resources */,
				9861406119EB2B7000AF733A /* Images.xcassets in Resources */,
			);
			runOnlyForDeploymentPostprocessing = 0;
		};
		9861406719EB2B7000AF733A /* Resources */ = {
			isa = PBXResourcesBuildPhase;
			buildActionMask = 2147483647;
			files = (
			);
			runOnlyForDeploymentPostprocessing = 0;
		};
/* End PBXResourcesBuildPhase section */

/* Begin PBXSourcesBuildPhase section */
		9861405019EB2B7000AF733A /* Sources */ = {
			isa = PBXSourcesBuildPhase;
			buildActionMask = 2147483647;
			files = (
				9861405C19EB2B7000AF733A /* ViewController.swift in Sources */,
				9861405A19EB2B7000AF733A /* AppDelegate.swift in Sources */,
			);
			runOnlyForDeploymentPostprocessing = 0;
		};
		9861406519EB2B7000AF733A /* Sources */ = {
			isa = PBXSourcesBuildPhase;
			buildActionMask = 2147483647;
			files = (
				9861407019EB2B7000AF733A /* TenSecondHeroTests.swift in Sources */,
			);
			runOnlyForDeploymentPostprocessing = 0;
		};
/* End PBXSourcesBuildPhase section */

/* Begin PBXTargetDependency section */
		9861406B19EB2B7000AF733A /* PBXTargetDependency */ = {
			isa = PBXTargetDependency;
			target = 9861405319EB2B7000AF733A /* TenSecondHero */;
			targetProxy = 9861406A19EB2B7000AF733A /* PBXContainerItemProxy */;
		};
/* End PBXTargetDependency section */

/* Begin PBXVariantGroup section */
		9861405D19EB2B7000AF733A /* Main.storyboard */ = {
			isa = PBXVariantGroup;
			children = (
				9861405E19EB2B7000AF733A /* Base */,
			);
			name = Main.storyboard;
			sourceTree = "<group>";
		};
		9861406219EB2B7000AF733A /* LaunchScreen.xib */ = {
			isa = PBXVariantGroup;
			children = (
				9861406319EB2B7000AF733A /* Base */,
			);
			name = LaunchScreen.xib;
			sourceTree = "<group>";
		};
/* End PBXVariantGroup section */

/* Begin XCBuildConfiguration section */
		9861407119EB2B7000AF733A /* Debug */ = {
			isa = XCBuildConfiguration;
			buildSettings = {
				ALWAYS_SEARCH_USER_PATHS = NO;
				CLANG_CXX_LANGUAGE_STANDARD = "gnu++0x";
				CLANG_CXX_LIBRARY = "libc++";
				CLANG_ENABLE_MODULES = YES;
				CLANG_ENABLE_OBJC_ARC = YES;
				CLANG_WARN_BOOL_CONVERSION = YES;
				CLANG_WARN_CONSTANT_CONVERSION = YES;
				CLANG_WARN_DIRECT_OBJC_ISA_USAGE = YES_ERROR;
				CLANG_WARN_EMPTY_BODY = YES;
				CLANG_WARN_ENUM_CONVERSION = YES;
				CLANG_WARN_INT_CONVERSION = YES;
				CLANG_WARN_OBJC_ROOT_CLASS = YES_ERROR;
				CLANG_WARN_UNREACHABLE_CODE = YES;
				CLANG_WARN__DUPLICATE_METHOD_MATCH = YES;
				"CODE_SIGN_IDENTITY[sdk=iphoneos*]" = "iPhone Developer";
				COPY_PHASE_STRIP = NO;
				ENABLE_STRICT_OBJC_MSGSEND = YES;
				GCC_C_LANGUAGE_STANDARD = gnu99;
				GCC_DYNAMIC_NO_PIC = NO;
				GCC_OPTIMIZATION_LEVEL = 0;
				GCC_PREPROCESSOR_DEFINITIONS = (
					"DEBUG=1",
					"$(inherited)",
				);
				GCC_SYMBOLS_PRIVATE_EXTERN = NO;
				GCC_WARN_64_TO_32_BIT_CONVERSION = YES;
				GCC_WARN_ABOUT_RETURN_TYPE = YES_ERROR;
				GCC_WARN_UNDECLARED_SELECTOR = YES;
				GCC_WARN_UNINITIALIZED_AUTOS = YES_AGGRESSIVE;
				GCC_WARN_UNUSED_FUNCTION = YES;
				GCC_WARN_UNUSED_VARIABLE = YES;
				IPHONEOS_DEPLOYMENT_TARGET = 8.0;
				MTL_ENABLE_DEBUG_INFO = YES;
				ONLY_ACTIVE_ARCH = YES;
				SDKROOT = iphoneos;
				SWIFT_OPTIMIZATION_LEVEL = "-Onone";
				TARGETED_DEVICE_FAMILY = "1,2";
			};
			name = Debug;
		};
		9861407219EB2B7000AF733A /* Release */ = {
			isa = XCBuildConfiguration;
			buildSettings = {
				ALWAYS_SEARCH_USER_PATHS = NO;
				CLANG_CXX_LANGUAGE_STANDARD = "gnu++0x";
				CLANG_CXX_LIBRARY = "libc++";
				CLANG_ENABLE_MODULES = YES;
				CLANG_ENABLE_OBJC_ARC = YES;
				CLANG_WARN_BOOL_CONVERSION = YES;
				CLANG_WARN_CONSTANT_CONVERSION = YES;
				CLANG_WARN_DIRECT_OBJC_ISA_USAGE = YES_ERROR;
				CLANG_WARN_EMPTY_BODY = YES;
				CLANG_WARN_ENUM_CONVERSION = YES;
				CLANG_WARN_INT_CONVERSION = YES;
				CLANG_WARN_OBJC_ROOT_CLASS = YES_ERROR;
				CLANG_WARN_UNREACHABLE_CODE = YES;
				CLANG_WARN__DUPLICATE_METHOD_MATCH = YES;
				"CODE_SIGN_IDENTITY[sdk=iphoneos*]" = "iPhone Developer";
				COPY_PHASE_STRIP = YES;
				ENABLE_NS_ASSERTIONS = NO;
				ENABLE_STRICT_OBJC_MSGSEND = YES;
				GCC_C_LANGUAGE_STANDARD = gnu99;
				GCC_WARN_64_TO_32_BIT_CONVERSION = YES;
				GCC_WARN_ABOUT_RETURN_TYPE = YES_ERROR;
				GCC_WARN_UNDECLARED_SELECTOR = YES;
				GCC_WARN_UNINITIALIZED_AUTOS = YES_AGGRESSIVE;
				GCC_WARN_UNUSED_FUNCTION = YES;
				GCC_WARN_UNUSED_VARIABLE = YES;
				IPHONEOS_DEPLOYMENT_TARGET = 8.0;
				MTL_ENABLE_DEBUG_INFO = NO;
				SDKROOT = iphoneos;
				TARGETED_DEVICE_FAMILY = "1,2";
				VALIDATE_PRODUCT = YES;
			};
			name = Release;
		};
		9861407419EB2B7000AF733A /* Debug */ = {
			isa = XCBuildConfiguration;
			buildSettings = {
				ASSETCATALOG_COMPILER_APPICON_NAME = AppIcon;
				INFOPLIST_FILE = TenSecondHero/Info.plist;
				LD_RUNPATH_SEARCH_PATHS = "$(inherited) @executable_path/Frameworks";
				PRODUCT_NAME = "$(TARGET_NAME)";
			};
			name = Debug;
		};
		9861407519EB2B7000AF733A /* Release */ = {
			isa = XCBuildConfiguration;
			buildSettings = {
				ASSETCATALOG_COMPILER_APPICON_NAME = AppIcon;
				INFOPLIST_FILE = TenSecondHero/Info.plist;
				LD_RUNPATH_SEARCH_PATHS = "$(inherited) @executable_path/Frameworks";
				PRODUCT_NAME = "$(TARGET_NAME)";
			};
			name = Release;
		};
		9861407719EB2B7000AF733A /* Debug */ = {
			isa = XCBuildConfiguration;
			buildSettings = {
				BUNDLE_LOADER = "$(TEST_HOST)";
				FRAMEWORK_SEARCH_PATHS = (
					"$(SDKROOT)/Developer/Library/Frameworks",
					"$(inherited)",
				);
				GCC_PREPROCESSOR_DEFINITIONS = (
					"DEBUG=1",
					"$(inherited)",
				);
				INFOPLIST_FILE = TenSecondHeroTests/Info.plist;
				LD_RUNPATH_SEARCH_PATHS = "$(inherited) @executable_path/Frameworks @loader_path/Frameworks";
				PRODUCT_NAME = "$(TARGET_NAME)";
				TEST_HOST = "$(BUILT_PRODUCTS_DIR)/TenSecondHero.app/TenSecondHero";
			};
			name = Debug;
		};
		9861407819EB2B7000AF733A /* Release */ = {
			isa = XCBuildConfiguration;
			buildSettings = {
				BUNDLE_LOADER = "$(TEST_HOST)";
				FRAMEWORK_SEARCH_PATHS = (
					"$(SDKROOT)/Developer/Library/Frameworks",
					"$(inherited)",
				);
				INFOPLIST_FILE = TenSecondHeroTests/Info.plist;
				LD_RUNPATH_SEARCH_PATHS = "$(inherited) @executable_path/Frameworks @loader_path/Frameworks";
				PRODUCT_NAME = "$(TARGET_NAME)";
				TEST_HOST = "$(BUILT_PRODUCTS_DIR)/TenSecondHero.app/TenSecondHero";
			};
			name = Release;
		};
/* End XCBuildConfiguration section */

/* Begin XCConfigurationList section */
		9861404F19EB2B7000AF733A /* Build configuration list for PBXProject "TenSecondHero" */ = {
			isa = XCConfigurationList;
			buildConfigurations = (
				9861407119EB2B7000AF733A /* Debug */,
				9861407219EB2B7000AF733A /* Release */,
			);
			defaultConfigurationIsVisible = 0;
			defaultConfigurationName = Release;
		};
		9861407319EB2B7000AF733A /* Build configuration list for PBXNativeTarget "TenSecondHero" */ = {
			isa = XCConfigurationList;
			buildConfigurations = (
				9861407419EB2B7000AF733A /* Debug */,
				9861407519EB2B7000AF733A /* Release */,
			);
			defaultConfigurationIsVisible = 0;
		};
		9861407619EB2B7000AF733A /* Build configuration list for PBXNativeTarget "TenSecondHeroTests" */ = {
			isa = XCConfigurationList;
			buildConfigurations = (
				9861407719EB2B7000AF733A /* Debug */,
				9861407819EB2B7000AF733A /* Release */,
			);
			defaultConfigurationIsVisible = 0;
		};
/* End XCConfigurationList section */
	};
	rootObject = 9861404C19EB2B7000AF733A /* Project object */;
}
